{
  "version": "4",
  "specifiers": {
    "jsr:@denosaurs/tty@~0.2.1": "0.2.1",
    "jsr:@std/dotenv@~0.225.3": "0.225.3",
    "jsr:@std/fmt@^1.0.3": "1.0.3",
    "npm:discord-api-types@~0.37.112": "0.37.112"
  },
  "jsr": {
    "@denosaurs/tty@0.2.1": {
      "integrity": "f1fc651cc9021c90bf230a45c6eb893c26a54fae6a855e9cd26aad0083d772dd"
    },
    "@std/dotenv@0.225.3": {
      "integrity": "a95e5b812c27b0854c52acbae215856d9cce9d4bbf774d938c51d212711e8d4a"
    },
    "@std/fmt@1.0.3": {
      "integrity": "97765c16aa32245ff4e2204ecf7d8562496a3cb8592340a80e7e554e0bb9149f"
    }
  },
  "npm": {
    "discord-api-types@0.37.112": {
      "integrity": "sha512-DDEt3696k7o9+Ot2a5phqsEKnwhSGfIDzXJR9V5OMba9fbvJOEhPapLXy645RkrGCEKZeoFd3qXFhrvVQSUbxQ=="
    }
  },
  "workspace": {
    "dependencies": [
      "jsr:@denosaurs/tty@~0.2.1",
      "jsr:@std/dotenv@~0.225.3",
      "jsr:@std/fmt@^1.0.3",
      "npm:discord-api-types@~0.37.112"
    ]
  }
}
